
Microsoft Visual Studio Solution File, Format Version 12.00
# Visual Studio 15
VisualStudioVersion = 15.0.27428.2037
MinimumVisualStudioVersion = 10.0.40219.1
Project("{8BC9CEB8-8B4A-11D0-8D11-00A0C91BC942}") = "XOpenGL", "XOpenGL\XOpenGL.vcxproj", "{C6AD240C-6900-4B33-9D89-F5A24C4C9EB3}"
EndProject
Project("{8BC9CEB8-8B4A-11D0-8D11-00A0C91BC942}") = "AlibFramework", "AlibFramework\AlibFramework.vcxproj", "{6699CD94-E377-42E7-A4D6-FEAFF635263D}"
	ProjectSection(ProjectDependencies) = postProject
		{821FA7BC-B913-41DE-9322-1F78702C940E} = {821FA7BC-B913-41DE-9322-1F78702C940E}
	EndProjectSection
EndProject
Project("{8BC9CEB8-8B4A-11D0-8D11-00A0C91BC942}") = "AlibData", "AlibData\AlibData.vcxproj", "{821FA7BC-B913-41DE-9322-1F78702C940E}"
	ProjectSection(ProjectDependencies) = postProject
		{C24DC1F5-A29E-415A-B673-84BF041DFFC3} = {C24DC1F5-A29E-415A-B673-84BF041DFFC3}
	EndProjectSection
EndProject
Project("{8BC9CEB8-8B4A-11D0-8D11-00A0C91BC942}") = "TDx12Study", "TDx12Study\TDx12Study.vcxproj", "{1C2C690B-709B-475A-8018-4A87E0A5BD92}"
	ProjectSection(ProjectDependencies) = postProject
		{375E6D0E-03A2-4A64-B1CB-1C1B0606EDBD} = {375E6D0E-03A2-4A64-B1CB-1C1B0606EDBD}
	EndProjectSection
EndProject
Project("{8BC9CEB8-8B4A-11D0-8D11-00A0C91BC942}") = "TDx12Book", "TDx12Book\TDx12Book.vcxproj", "{D49A8E9E-F5C5-4DAC-8513-6ADC2626AA5A}"
	ProjectSection(ProjectDependencies) = postProject
		{375E6D0E-03A2-4A64-B1CB-1C1B0606EDBD} = {375E6D0E-03A2-4A64-B1CB-1C1B0606EDBD}
	EndProjectSection
EndProject
Project("{8BC9CEB8-8B4A-11D0-8D11-00A0C91BC942}") = "DX12LibCommon", "DX12LibCommon\DX12LibCommon.vcxproj", "{2491CF04-8A11-407D-B84B-F0B739FA8380}"
	ProjectSection(ProjectDependencies) = postProject
		{F455E163-D2B4-4EA6-A853-5592CD8240CC} = {F455E163-D2B4-4EA6-A853-5592CD8240CC}
	EndProjectSection
EndProject
Project("{8BC9CEB8-8B4A-11D0-8D11-00A0C91BC942}") = "AlibCommon", "AlibCommon\AlibCommon.vcxproj", "{8804AB63-7AF0-432A-8F77-9A8234CCE507}"
EndProject
Project("{8BC9CEB8-8B4A-11D0-8D11-00A0C91BC942}") = "AlibCommonCore", "AlibCommonCore\AlibCommonCore.vcxproj", "{636F403B-4E71-48F0-9D7B-15562726A804}"
	ProjectSection(ProjectDependencies) = postProject
		{8804AB63-7AF0-432A-8F77-9A8234CCE507} = {8804AB63-7AF0-432A-8F77-9A8234CCE507}
	EndProjectSection
EndProject
Project("{8BC9CEB8-8B4A-11D0-8D11-00A0C91BC942}") = "AlibCommonDataModel", "AlibCommonDataModel\AlibCommonDataModel.vcxproj", "{C24DC1F5-A29E-415A-B673-84BF041DFFC3}"
	ProjectSection(ProjectDependencies) = postProject
		{636F403B-4E71-48F0-9D7B-15562726A804} = {636F403B-4E71-48F0-9D7B-15562726A804}
	EndProjectSection
EndProject
Project("{8BC9CEB8-8B4A-11D0-8D11-00A0C91BC942}") = "DX12LibCommonCore", "DX12LibCommonCore\DX12LibCommonCore.vcxproj", "{375E6D0E-03A2-4A64-B1CB-1C1B0606EDBD}"
	ProjectSection(ProjectDependencies) = postProject
		{2491CF04-8A11-407D-B84B-F0B739FA8380} = {2491CF04-8A11-407D-B84B-F0B739FA8380}
	EndProjectSection
EndProject
Project("{8BC9CEB8-8B4A-11D0-8D11-00A0C91BC942}") = "DX11LibCommon", "DX11LibCommon\DX11LibCommon.vcxproj", "{241774D9-BD64-40FD-AE24-256006565071}"
	ProjectSection(ProjectDependencies) = postProject
		{F455E163-D2B4-4EA6-A853-5592CD8240CC} = {F455E163-D2B4-4EA6-A853-5592CD8240CC}
	EndProjectSection
EndProject
Project("{8BC9CEB8-8B4A-11D0-8D11-00A0C91BC942}") = "TDx11Book", "TDx11Book\TDx11Book.vcxproj", "{9E45F927-98D1-4C73-BDFC-6953FA3CFE1D}"
	ProjectSection(ProjectDependencies) = postProject
		{8CCF5C0E-4150-43A5-92BB-08344C073ED1} = {8CCF5C0E-4150-43A5-92BB-08344C073ED1}
	EndProjectSection
EndProject
Project("{8BC9CEB8-8B4A-11D0-8D11-00A0C91BC942}") = "D3DCommon", "D3DCommon\D3DCommon.vcxproj", "{F455E163-D2B4-4EA6-A853-5592CD8240CC}"
	ProjectSection(ProjectDependencies) = postProject
		{6699CD94-E377-42E7-A4D6-FEAFF635263D} = {6699CD94-E377-42E7-A4D6-FEAFF635263D}
	EndProjectSection
EndProject
Project("{8BC9CEB8-8B4A-11D0-8D11-00A0C91BC942}") = "DX11LibCommonCore", "DX11LibCommonCore\DX11LibCommonCore.vcxproj", "{8CCF5C0E-4150-43A5-92BB-08344C073ED1}"
	ProjectSection(ProjectDependencies) = postProject
		{241774D9-BD64-40FD-AE24-256006565071} = {241774D9-BD64-40FD-AE24-256006565071}
	EndProjectSection
EndProject
Global
	GlobalSection(SolutionConfigurationPlatforms) = preSolution
		Debug|x64 = Debug|x64
		Debug|x86 = Debug|x86
		Release|x64 = Release|x64
		Release|x86 = Release|x86
	EndGlobalSection
	GlobalSection(ProjectConfigurationPlatforms) = postSolution
		{C6AD240C-6900-4B33-9D89-F5A24C4C9EB3}.Debug|x64.ActiveCfg = Debug|x64
		{C6AD240C-6900-4B33-9D89-F5A24C4C9EB3}.Debug|x64.Build.0 = Debug|x64
		{C6AD240C-6900-4B33-9D89-F5A24C4C9EB3}.Debug|x86.ActiveCfg = Debug|Win32
		{C6AD240C-6900-4B33-9D89-F5A24C4C9EB3}.Debug|x86.Build.0 = Debug|Win32
		{C6AD240C-6900-4B33-9D89-F5A24C4C9EB3}.Release|x64.ActiveCfg = Release|x64
		{C6AD240C-6900-4B33-9D89-F5A24C4C9EB3}.Release|x64.Build.0 = Release|x64
		{C6AD240C-6900-4B33-9D89-F5A24C4C9EB3}.Release|x86.ActiveCfg = Release|Win32
		{C6AD240C-6900-4B33-9D89-F5A24C4C9EB3}.Release|x86.Build.0 = Release|Win32
		{6699CD94-E377-42E7-A4D6-FEAFF635263D}.Debug|x64.ActiveCfg = Debug|x64
		{6699CD94-E377-42E7-A4D6-FEAFF635263D}.Debug|x64.Build.0 = Debug|x64
		{6699CD94-E377-42E7-A4D6-FEAFF635263D}.Debug|x86.ActiveCfg = Debug|Win32
		{6699CD94-E377-42E7-A4D6-FEAFF635263D}.Debug|x86.Build.0 = Debug|Win32
		{6699CD94-E377-42E7-A4D6-FEAFF635263D}.Release|x64.ActiveCfg = Release|x64
		{6699CD94-E377-42E7-A4D6-FEAFF635263D}.Release|x64.Build.0 = Release|x64
		{6699CD94-E377-42E7-A4D6-FEAFF635263D}.Release|x86.ActiveCfg = Release|Win32
		{6699CD94-E377-42E7-A4D6-FEAFF635263D}.Release|x86.Build.0 = Release|Win32
		{821FA7BC-B913-41DE-9322-1F78702C940E}.Debug|x64.ActiveCfg = Debug|x64
		{821FA7BC-B913-41DE-9322-1F78702C940E}.Debug|x64.Build.0 = Debug|x64
		{821FA7BC-B913-41DE-9322-1F78702C940E}.Debug|x86.ActiveCfg = Debug|Win32
		{821FA7BC-B913-41DE-9322-1F78702C940E}.Debug|x86.Build.0 = Debug|Win32
		{821FA7BC-B913-41DE-9322-1F78702C940E}.Release|x64.ActiveCfg = Release|x64
		{821FA7BC-B913-41DE-9322-1F78702C940E}.Release|x64.Build.0 = Release|x64
		{821FA7BC-B913-41DE-9322-1F78702C940E}.Release|x86.ActiveCfg = Release|Win32
		{821FA7BC-B913-41DE-9322-1F78702C940E}.Release|x86.Build.0 = Release|Win32
		{1C2C690B-709B-475A-8018-4A87E0A5BD92}.Debug|x64.ActiveCfg = Debug|x64
		{1C2C690B-709B-475A-8018-4A87E0A5BD92}.Debug|x64.Build.0 = Debug|x64
		{1C2C690B-709B-475A-8018-4A87E0A5BD92}.Debug|x86.ActiveCfg = Debug|Win32
		{1C2C690B-709B-475A-8018-4A87E0A5BD92}.Debug|x86.Build.0 = Debug|Win32
		{1C2C690B-709B-475A-8018-4A87E0A5BD92}.Release|x64.ActiveCfg = Release|x64
		{1C2C690B-709B-475A-8018-4A87E0A5BD92}.Release|x64.Build.0 = Release|x64
		{1C2C690B-709B-475A-8018-4A87E0A5BD92}.Release|x86.ActiveCfg = Release|Win32
		{1C2C690B-709B-475A-8018-4A87E0A5BD92}.Release|x86.Build.0 = Release|Win32
		{D49A8E9E-F5C5-4DAC-8513-6ADC2626AA5A}.Debug|x64.ActiveCfg = Debug|x64
		{D49A8E9E-F5C5-4DAC-8513-6ADC2626AA5A}.Debug|x64.Build.0 = Debug|x64
		{D49A8E9E-F5C5-4DAC-8513-6ADC2626AA5A}.Debug|x86.ActiveCfg = Debug|Win32
		{D49A8E9E-F5C5-4DAC-8513-6ADC2626AA5A}.Debug|x86.Build.0 = Debug|Win32
		{D49A8E9E-F5C5-4DAC-8513-6ADC2626AA5A}.Release|x64.ActiveCfg = Release|x64
		{D49A8E9E-F5C5-4DAC-8513-6ADC2626AA5A}.Release|x64.Build.0 = Release|x64
		{D49A8E9E-F5C5-4DAC-8513-6ADC2626AA5A}.Release|x86.ActiveCfg = Release|Win32
		{D49A8E9E-F5C5-4DAC-8513-6ADC2626AA5A}.Release|x86.Build.0 = Release|Win32
		{2491CF04-8A11-407D-B84B-F0B739FA8380}.Debug|x64.ActiveCfg = Debug|x64
		{2491CF04-8A11-407D-B84B-F0B739FA8380}.Debug|x64.Build.0 = Debug|x64
		{2491CF04-8A11-407D-B84B-F0B739FA8380}.Debug|x86.ActiveCfg = Debug|Win32
		{2491CF04-8A11-407D-B84B-F0B739FA8380}.Debug|x86.Build.0 = Debug|Win32
		{2491CF04-8A11-407D-B84B-F0B739FA8380}.Release|x64.ActiveCfg = Release|x64
		{2491CF04-8A11-407D-B84B-F0B739FA8380}.Release|x64.Build.0 = Release|x64
		{2491CF04-8A11-407D-B84B-F0B739FA8380}.Release|x86.ActiveCfg = Release|Win32
		{2491CF04-8A11-407D-B84B-F0B739FA8380}.Release|x86.Build.0 = Release|Win32
		{8804AB63-7AF0-432A-8F77-9A8234CCE507}.Debug|x64.ActiveCfg = Debug|x64
		{8804AB63-7AF0-432A-8F77-9A8234CCE507}.Debug|x64.Build.0 = Debug|x64
		{8804AB63-7AF0-432A-8F77-9A8234CCE507}.Debug|x86.ActiveCfg = Debug|Win32
		{8804AB63-7AF0-432A-8F77-9A8234CCE507}.Debug|x86.Build.0 = Debug|Win32
		{8804AB63-7AF0-432A-8F77-9A8234CCE507}.Release|x64.ActiveCfg = Release|x64
		{8804AB63-7AF0-432A-8F77-9A8234CCE507}.Release|x64.Build.0 = Release|x64
		{8804AB63-7AF0-432A-8F77-9A8234CCE507}.Release|x86.ActiveCfg = Release|Win32
		{8804AB63-7AF0-432A-8F77-9A8234CCE507}.Release|x86.Build.0 = Release|Win32
		{636F403B-4E71-48F0-9D7B-15562726A804}.Debug|x64.ActiveCfg = Debug|x64
		{636F403B-4E71-48F0-9D7B-15562726A804}.Debug|x64.Build.0 = Debug|x64
		{636F403B-4E71-48F0-9D7B-15562726A804}.Debug|x86.ActiveCfg = Debug|Win32
		{636F403B-4E71-48F0-9D7B-15562726A804}.Debug|x86.Build.0 = Debug|Win32
		{636F403B-4E71-48F0-9D7B-15562726A804}.Release|x64.ActiveCfg = Release|x64
		{636F403B-4E71-48F0-9D7B-15562726A804}.Release|x64.Build.0 = Release|x64
		{636F403B-4E71-48F0-9D7B-15562726A804}.Release|x86.ActiveCfg = Release|Win32
		{636F403B-4E71-48F0-9D7B-15562726A804}.Release|x86.Build.0 = Release|Win32
		{C24DC1F5-A29E-415A-B673-84BF041DFFC3}.Debug|x64.ActiveCfg = Debug|x64
		{C24DC1F5-A29E-415A-B673-84BF041DFFC3}.Debug|x64.Build.0 = Debug|x64
		{C24DC1F5-A29E-415A-B673-84BF041DFFC3}.Debug|x86.ActiveCfg = Debug|Win32
		{C24DC1F5-A29E-415A-B673-84BF041DFFC3}.Debug|x86.Build.0 = Debug|Win32
		{C24DC1F5-A29E-415A-B673-84BF041DFFC3}.Release|x64.ActiveCfg = Release|x64
		{C24DC1F5-A29E-415A-B673-84BF041DFFC3}.Release|x64.Build.0 = Release|x64
		{C24DC1F5-A29E-415A-B673-84BF041DFFC3}.Release|x86.ActiveCfg = Release|Win32
		{C24DC1F5-A29E-415A-B673-84BF041DFFC3}.Release|x86.Build.0 = Release|Win32
		{375E6D0E-03A2-4A64-B1CB-1C1B0606EDBD}.Debug|x64.ActiveCfg = Debug|x64
		{375E6D0E-03A2-4A64-B1CB-1C1B0606EDBD}.Debug|x64.Build.0 = Debug|x64
		{375E6D0E-03A2-4A64-B1CB-1C1B0606EDBD}.Debug|x86.ActiveCfg = Debug|Win32
		{375E6D0E-03A2-4A64-B1CB-1C1B0606EDBD}.Debug|x86.Build.0 = Debug|Win32
		{375E6D0E-03A2-4A64-B1CB-1C1B0606EDBD}.Release|x64.ActiveCfg = Release|x64
		{375E6D0E-03A2-4A64-B1CB-1C1B0606EDBD}.Release|x64.Build.0 = Release|x64
		{375E6D0E-03A2-4A64-B1CB-1C1B0606EDBD}.Release|x86.ActiveCfg = Release|Win32
		{375E6D0E-03A2-4A64-B1CB-1C1B0606EDBD}.Release|x86.Build.0 = Release|Win32
		{241774D9-BD64-40FD-AE24-256006565071}.Debug|x64.ActiveCfg = Debug|x64
		{241774D9-BD64-40FD-AE24-256006565071}.Debug|x64.Build.0 = Debug|x64
		{241774D9-BD64-40FD-AE24-256006565071}.Debug|x86.ActiveCfg = Debug|Win32
		{241774D9-BD64-40FD-AE24-256006565071}.Debug|x86.Build.0 = Debug|Win32
		{241774D9-BD64-40FD-AE24-256006565071}.Release|x64.ActiveCfg = Release|x64
		{241774D9-BD64-40FD-AE24-256006565071}.Release|x64.Build.0 = Release|x64
		{241774D9-BD64-40FD-AE24-256006565071}.Release|x86.ActiveCfg = Release|Win32
		{241774D9-BD64-40FD-AE24-256006565071}.Release|x86.Build.0 = Release|Win32
		{9E45F927-98D1-4C73-BDFC-6953FA3CFE1D}.Debug|x64.ActiveCfg = Debug|x64
		{9E45F927-98D1-4C73-BDFC-6953FA3CFE1D}.Debug|x64.Build.0 = Debug|x64
		{9E45F927-98D1-4C73-BDFC-6953FA3CFE1D}.Debug|x86.ActiveCfg = Debug|Win32
		{9E45F927-98D1-4C73-BDFC-6953FA3CFE1D}.Debug|x86.Build.0 = Debug|Win32
		{9E45F927-98D1-4C73-BDFC-6953FA3CFE1D}.Release|x64.ActiveCfg = Release|x64
		{9E45F927-98D1-4C73-BDFC-6953FA3CFE1D}.Release|x64.Build.0 = Release|x64
		{9E45F927-98D1-4C73-BDFC-6953FA3CFE1D}.Release|x86.ActiveCfg = Release|Win32
		{9E45F927-98D1-4C73-BDFC-6953FA3CFE1D}.Release|x86.Build.0 = Release|Win32
		{F455E163-D2B4-4EA6-A853-5592CD8240CC}.Debug|x64.ActiveCfg = Debug|x64
		{F455E163-D2B4-4EA6-A853-5592CD8240CC}.Debug|x64.Build.0 = Debug|x64
		{F455E163-D2B4-4EA6-A853-5592CD8240CC}.Debug|x86.ActiveCfg = Debug|Win32
		{F455E163-D2B4-4EA6-A853-5592CD8240CC}.Debug|x86.Build.0 = Debug|Win32
		{F455E163-D2B4-4EA6-A853-5592CD8240CC}.Release|x64.ActiveCfg = Release|x64
		{F455E163-D2B4-4EA6-A853-5592CD8240CC}.Release|x64.Build.0 = Release|x64
		{F455E163-D2B4-4EA6-A853-5592CD8240CC}.Release|x86.ActiveCfg = Release|Win32
		{F455E163-D2B4-4EA6-A853-5592CD8240CC}.Release|x86.Build.0 = Release|Win32
		{8CCF5C0E-4150-43A5-92BB-08344C073ED1}.Debug|x64.ActiveCfg = Debug|x64
		{8CCF5C0E-4150-43A5-92BB-08344C073ED1}.Debug|x64.Build.0 = Debug|x64
		{8CCF5C0E-4150-43A5-92BB-08344C073ED1}.Debug|x86.ActiveCfg = Debug|Win32
		{8CCF5C0E-4150-43A5-92BB-08344C073ED1}.Debug|x86.Build.0 = Debug|Win32
		{8CCF5C0E-4150-43A5-92BB-08344C073ED1}.Release|x64.ActiveCfg = Release|x64
		{8CCF5C0E-4150-43A5-92BB-08344C073ED1}.Release|x64.Build.0 = Release|x64
		{8CCF5C0E-4150-43A5-92BB-08344C073ED1}.Release|x86.ActiveCfg = Release|Win32
		{8CCF5C0E-4150-43A5-92BB-08344C073ED1}.Release|x86.Build.0 = Release|Win32
	EndGlobalSection
	GlobalSection(SolutionProperties) = preSolution
		HideSolutionNode = FALSE
	EndGlobalSection
	GlobalSection(ExtensibilityGlobals) = postSolution
		SolutionGuid = {1AFBC9DB-D88D-4845-84BF-99DFD4593CF9}
	EndGlobalSection
EndGlobal
