
Microsoft Visual Studio Solution File, Format Version 12.00
# Visual Studio 15
VisualStudioVersion = 15.0.27428.2037
MinimumVisualStudioVersion = 10.0.40219.1
Project("{8BC9CEB8-8B4A-11D0-8D11-00A0C91BC942}") = "Dx12Core", "Dx12Core\Dx12Core.vcxproj", "{1AD20441-696B-4960-9F9E-72975E00DE34}"
	ProjectSection(ProjectDependencies) = postProject
		{7739EB2C-9288-458D-BAC7-AFC878DAAD40} = {7739EB2C-9288-458D-BAC7-AFC878DAAD40}
	EndProjectSection
EndProject
Project("{8BC9CEB8-8B4A-11D0-8D11-00A0C91BC942}") = "TDx12Demo", "TDx12Demo\TDx12Demo.vcxproj", "{5E92EE54-62AC-44A9-8C72-6FB8FEA1A424}"
	ProjectSection(ProjectDependencies) = postProject
		{1AD20441-696B-4960-9F9E-72975E00DE34} = {1AD20441-696B-4960-9F9E-72975E00DE34}
	EndProjectSection
EndProject
Project("{8BC9CEB8-8B4A-11D0-8D11-00A0C91BC942}") = "Dx12Base", "Dx12Base\Dx12Base.vcxproj", "{7739EB2C-9288-458D-BAC7-AFC878DAAD40}"
	ProjectSection(ProjectDependencies) = postProject
		{6699CD94-E377-42E7-A4D6-FEAFF635263D} = {6699CD94-E377-42E7-A4D6-FEAFF635263D}
		{40DCC1F5-D757-4E66-B902-57DF2000CB23} = {40DCC1F5-D757-4E66-B902-57DF2000CB23}
	EndProjectSection
EndProject
Project("{8BC9CEB8-8B4A-11D0-8D11-00A0C91BC942}") = "XOpenGL", "XOpenGL\XOpenGL.vcxproj", "{C6AD240C-6900-4B33-9D89-F5A24C4C9EB3}"
	ProjectSection(ProjectDependencies) = postProject
		{41F00686-0D98-4FD6-AAF5-EA612A73F4F3} = {41F00686-0D98-4FD6-AAF5-EA612A73F4F3}
		{821FA7BC-B913-41DE-9322-1F78702C940E} = {821FA7BC-B913-41DE-9322-1F78702C940E}
		{243B25E6-7E96-4024-AE4E-2EBAD88E4841} = {243B25E6-7E96-4024-AE4E-2EBAD88E4841}
		{40DCC1F5-D757-4E66-B902-57DF2000CB23} = {40DCC1F5-D757-4E66-B902-57DF2000CB23}
	EndProjectSection
EndProject
Project("{8BC9CEB8-8B4A-11D0-8D11-00A0C91BC942}") = "AlibCoreMaths", "AlibCoreMaths\AlibCoreMaths.vcxproj", "{40DCC1F5-D757-4E66-B902-57DF2000CB23}"
	ProjectSection(ProjectDependencies) = postProject
		{243B25E6-7E96-4024-AE4E-2EBAD88E4841} = {243B25E6-7E96-4024-AE4E-2EBAD88E4841}
	EndProjectSection
EndProject
Project("{8BC9CEB8-8B4A-11D0-8D11-00A0C91BC942}") = "AlibCoreDataModel", "AlibCoreDataModel\AlibCoreDataModel.vcxproj", "{243B25E6-7E96-4024-AE4E-2EBAD88E4841}"
	ProjectSection(ProjectDependencies) = postProject
		{41F00686-0D98-4FD6-AAF5-EA612A73F4F3} = {41F00686-0D98-4FD6-AAF5-EA612A73F4F3}
	EndProjectSection
EndProject
Project("{8BC9CEB8-8B4A-11D0-8D11-00A0C91BC942}") = "AlibFramework", "AlibFramework\AlibFramework.vcxproj", "{6699CD94-E377-42E7-A4D6-FEAFF635263D}"
	ProjectSection(ProjectDependencies) = postProject
		{41F00686-0D98-4FD6-AAF5-EA612A73F4F3} = {41F00686-0D98-4FD6-AAF5-EA612A73F4F3}
	EndProjectSection
EndProject
Project("{8BC9CEB8-8B4A-11D0-8D11-00A0C91BC942}") = "AlibData", "AlibData\AlibData.vcxproj", "{821FA7BC-B913-41DE-9322-1F78702C940E}"
	ProjectSection(ProjectDependencies) = postProject
		{40DCC1F5-D757-4E66-B902-57DF2000CB23} = {40DCC1F5-D757-4E66-B902-57DF2000CB23}
	EndProjectSection
EndProject
Project("{8BC9CEB8-8B4A-11D0-8D11-00A0C91BC942}") = "AlibCore", "AlibCore\AlibCore.vcxproj", "{41F00686-0D98-4FD6-AAF5-EA612A73F4F3}"
EndProject
Project("{8BC9CEB8-8B4A-11D0-8D11-00A0C91BC942}") = "TDx12Study", "TDx12Study\TDx12Study.vcxproj", "{1C2C690B-709B-475A-8018-4A87E0A5BD92}"
EndProject
Global
	GlobalSection(SolutionConfigurationPlatforms) = preSolution
		Debug|x64 = Debug|x64
		Debug|x86 = Debug|x86
		Release|x64 = Release|x64
		Release|x86 = Release|x86
	EndGlobalSection
	GlobalSection(ProjectConfigurationPlatforms) = postSolution
		{1AD20441-696B-4960-9F9E-72975E00DE34}.Debug|x64.ActiveCfg = Debug|x64
		{1AD20441-696B-4960-9F9E-72975E00DE34}.Debug|x64.Build.0 = Debug|x64
		{1AD20441-696B-4960-9F9E-72975E00DE34}.Debug|x86.ActiveCfg = Debug|Win32
		{1AD20441-696B-4960-9F9E-72975E00DE34}.Debug|x86.Build.0 = Debug|Win32
		{1AD20441-696B-4960-9F9E-72975E00DE34}.Release|x64.ActiveCfg = Release|x64
		{1AD20441-696B-4960-9F9E-72975E00DE34}.Release|x64.Build.0 = Release|x64
		{1AD20441-696B-4960-9F9E-72975E00DE34}.Release|x86.ActiveCfg = Release|Win32
		{1AD20441-696B-4960-9F9E-72975E00DE34}.Release|x86.Build.0 = Release|Win32
		{5E92EE54-62AC-44A9-8C72-6FB8FEA1A424}.Debug|x64.ActiveCfg = Debug|x64
		{5E92EE54-62AC-44A9-8C72-6FB8FEA1A424}.Debug|x64.Build.0 = Debug|x64
		{5E92EE54-62AC-44A9-8C72-6FB8FEA1A424}.Debug|x86.ActiveCfg = Debug|Win32
		{5E92EE54-62AC-44A9-8C72-6FB8FEA1A424}.Debug|x86.Build.0 = Debug|Win32
		{5E92EE54-62AC-44A9-8C72-6FB8FEA1A424}.Release|x64.ActiveCfg = Release|x64
		{5E92EE54-62AC-44A9-8C72-6FB8FEA1A424}.Release|x64.Build.0 = Release|x64
		{5E92EE54-62AC-44A9-8C72-6FB8FEA1A424}.Release|x86.ActiveCfg = Release|Win32
		{5E92EE54-62AC-44A9-8C72-6FB8FEA1A424}.Release|x86.Build.0 = Release|Win32
		{7739EB2C-9288-458D-BAC7-AFC878DAAD40}.Debug|x64.ActiveCfg = Debug|x64
		{7739EB2C-9288-458D-BAC7-AFC878DAAD40}.Debug|x64.Build.0 = Debug|x64
		{7739EB2C-9288-458D-BAC7-AFC878DAAD40}.Debug|x86.ActiveCfg = Debug|Win32
		{7739EB2C-9288-458D-BAC7-AFC878DAAD40}.Debug|x86.Build.0 = Debug|Win32
		{7739EB2C-9288-458D-BAC7-AFC878DAAD40}.Release|x64.ActiveCfg = Release|x64
		{7739EB2C-9288-458D-BAC7-AFC878DAAD40}.Release|x64.Build.0 = Release|x64
		{7739EB2C-9288-458D-BAC7-AFC878DAAD40}.Release|x86.ActiveCfg = Release|Win32
		{7739EB2C-9288-458D-BAC7-AFC878DAAD40}.Release|x86.Build.0 = Release|Win32
		{C6AD240C-6900-4B33-9D89-F5A24C4C9EB3}.Debug|x64.ActiveCfg = Debug|x64
		{C6AD240C-6900-4B33-9D89-F5A24C4C9EB3}.Debug|x64.Build.0 = Debug|x64
		{C6AD240C-6900-4B33-9D89-F5A24C4C9EB3}.Debug|x86.ActiveCfg = Debug|Win32
		{C6AD240C-6900-4B33-9D89-F5A24C4C9EB3}.Debug|x86.Build.0 = Debug|Win32
		{C6AD240C-6900-4B33-9D89-F5A24C4C9EB3}.Release|x64.ActiveCfg = Release|x64
		{C6AD240C-6900-4B33-9D89-F5A24C4C9EB3}.Release|x64.Build.0 = Release|x64
		{C6AD240C-6900-4B33-9D89-F5A24C4C9EB3}.Release|x86.ActiveCfg = Release|Win32
		{C6AD240C-6900-4B33-9D89-F5A24C4C9EB3}.Release|x86.Build.0 = Release|Win32
		{40DCC1F5-D757-4E66-B902-57DF2000CB23}.Debug|x64.ActiveCfg = Debug|x64
		{40DCC1F5-D757-4E66-B902-57DF2000CB23}.Debug|x64.Build.0 = Debug|x64
		{40DCC1F5-D757-4E66-B902-57DF2000CB23}.Debug|x86.ActiveCfg = Debug|Win32
		{40DCC1F5-D757-4E66-B902-57DF2000CB23}.Debug|x86.Build.0 = Debug|Win32
		{40DCC1F5-D757-4E66-B902-57DF2000CB23}.Release|x64.ActiveCfg = Release|x64
		{40DCC1F5-D757-4E66-B902-57DF2000CB23}.Release|x64.Build.0 = Release|x64
		{40DCC1F5-D757-4E66-B902-57DF2000CB23}.Release|x86.ActiveCfg = Release|Win32
		{40DCC1F5-D757-4E66-B902-57DF2000CB23}.Release|x86.Build.0 = Release|Win32
		{243B25E6-7E96-4024-AE4E-2EBAD88E4841}.Debug|x64.ActiveCfg = Debug|x64
		{243B25E6-7E96-4024-AE4E-2EBAD88E4841}.Debug|x64.Build.0 = Debug|x64
		{243B25E6-7E96-4024-AE4E-2EBAD88E4841}.Debug|x86.ActiveCfg = Debug|Win32
		{243B25E6-7E96-4024-AE4E-2EBAD88E4841}.Debug|x86.Build.0 = Debug|Win32
		{243B25E6-7E96-4024-AE4E-2EBAD88E4841}.Release|x64.ActiveCfg = Release|x64
		{243B25E6-7E96-4024-AE4E-2EBAD88E4841}.Release|x64.Build.0 = Release|x64
		{243B25E6-7E96-4024-AE4E-2EBAD88E4841}.Release|x86.ActiveCfg = Release|Win32
		{243B25E6-7E96-4024-AE4E-2EBAD88E4841}.Release|x86.Build.0 = Release|Win32
		{6699CD94-E377-42E7-A4D6-FEAFF635263D}.Debug|x64.ActiveCfg = Debug|x64
		{6699CD94-E377-42E7-A4D6-FEAFF635263D}.Debug|x64.Build.0 = Debug|x64
		{6699CD94-E377-42E7-A4D6-FEAFF635263D}.Debug|x86.ActiveCfg = Debug|Win32
		{6699CD94-E377-42E7-A4D6-FEAFF635263D}.Debug|x86.Build.0 = Debug|Win32
		{6699CD94-E377-42E7-A4D6-FEAFF635263D}.Release|x64.ActiveCfg = Release|x64
		{6699CD94-E377-42E7-A4D6-FEAFF635263D}.Release|x64.Build.0 = Release|x64
		{6699CD94-E377-42E7-A4D6-FEAFF635263D}.Release|x86.ActiveCfg = Release|Win32
		{6699CD94-E377-42E7-A4D6-FEAFF635263D}.Release|x86.Build.0 = Release|Win32
		{821FA7BC-B913-41DE-9322-1F78702C940E}.Debug|x64.ActiveCfg = Debug|x64
		{821FA7BC-B913-41DE-9322-1F78702C940E}.Debug|x64.Build.0 = Debug|x64
		{821FA7BC-B913-41DE-9322-1F78702C940E}.Debug|x86.ActiveCfg = Debug|Win32
		{821FA7BC-B913-41DE-9322-1F78702C940E}.Debug|x86.Build.0 = Debug|Win32
		{821FA7BC-B913-41DE-9322-1F78702C940E}.Release|x64.ActiveCfg = Release|x64
		{821FA7BC-B913-41DE-9322-1F78702C940E}.Release|x64.Build.0 = Release|x64
		{821FA7BC-B913-41DE-9322-1F78702C940E}.Release|x86.ActiveCfg = Release|Win32
		{821FA7BC-B913-41DE-9322-1F78702C940E}.Release|x86.Build.0 = Release|Win32
		{41F00686-0D98-4FD6-AAF5-EA612A73F4F3}.Debug|x64.ActiveCfg = Debug|x64
		{41F00686-0D98-4FD6-AAF5-EA612A73F4F3}.Debug|x64.Build.0 = Debug|x64
		{41F00686-0D98-4FD6-AAF5-EA612A73F4F3}.Debug|x86.ActiveCfg = Debug|Win32
		{41F00686-0D98-4FD6-AAF5-EA612A73F4F3}.Debug|x86.Build.0 = Debug|Win32
		{41F00686-0D98-4FD6-AAF5-EA612A73F4F3}.Release|x64.ActiveCfg = Release|x64
		{41F00686-0D98-4FD6-AAF5-EA612A73F4F3}.Release|x64.Build.0 = Release|x64
		{41F00686-0D98-4FD6-AAF5-EA612A73F4F3}.Release|x86.ActiveCfg = Release|Win32
		{41F00686-0D98-4FD6-AAF5-EA612A73F4F3}.Release|x86.Build.0 = Release|Win32
		{1C2C690B-709B-475A-8018-4A87E0A5BD92}.Debug|x64.ActiveCfg = Debug|x64
		{1C2C690B-709B-475A-8018-4A87E0A5BD92}.Debug|x64.Build.0 = Debug|x64
		{1C2C690B-709B-475A-8018-4A87E0A5BD92}.Debug|x86.ActiveCfg = Debug|Win32
		{1C2C690B-709B-475A-8018-4A87E0A5BD92}.Debug|x86.Build.0 = Debug|Win32
		{1C2C690B-709B-475A-8018-4A87E0A5BD92}.Release|x64.ActiveCfg = Release|x64
		{1C2C690B-709B-475A-8018-4A87E0A5BD92}.Release|x64.Build.0 = Release|x64
		{1C2C690B-709B-475A-8018-4A87E0A5BD92}.Release|x86.ActiveCfg = Release|Win32
		{1C2C690B-709B-475A-8018-4A87E0A5BD92}.Release|x86.Build.0 = Release|Win32
	EndGlobalSection
	GlobalSection(SolutionProperties) = preSolution
		HideSolutionNode = FALSE
	EndGlobalSection
	GlobalSection(ExtensibilityGlobals) = postSolution
		SolutionGuid = {1AFBC9DB-D88D-4845-84BF-99DFD4593CF9}
	EndGlobalSection
EndGlobal
