<?xml version="1.0" encoding="utf-8"?>
<Project ToolsVersion="4.0" xmlns="http://schemas.microsoft.com/developer/msbuild/2003">
  <ItemGroup>
    <Filter Include="源文件">
      <UniqueIdentifier>{4FC737F1-C7A5-4376-A066-2A32D752A2FF}</UniqueIdentifier>
      <Extensions>cpp;c;cc;cxx;def;odl;idl;hpj;bat;asm;asmx</Extensions>
    </Filter>
    <Filter Include="头文件">
      <UniqueIdentifier>{93995380-89BD-4b04-88EB-625FBE52EBFB}</UniqueIdentifier>
      <Extensions>h;hh;hpp;hxx;hm;inl;inc;ipp;xsd</Extensions>
    </Filter>
    <Filter Include="资源文件">
      <UniqueIdentifier>{67DA6AB6-F800-4c08-8B7A-83BB121AAD01}</UniqueIdentifier>
      <Extensions>rc;ico;cur;bmp;dlg;rc2;rct;bin;rgs;gif;jpg;jpeg;jpe;resx;tiff;tif;png;wav;mfcribbon-ms</Extensions>
    </Filter>
    <Filter Include="Assets">
      <UniqueIdentifier>{e5282f58-50eb-447c-a522-538c0768ae69}</UniqueIdentifier>
    </Filter>
    <Filter Include="FrameResources">
      <UniqueIdentifier>{e0af5312-afb6-45aa-a807-50e0701996bd}</UniqueIdentifier>
    </Filter>
    <Filter Include="Models">
      <UniqueIdentifier>{4d946977-3e8c-4f3d-b81e-909f95c3e525}</UniqueIdentifier>
    </Filter>
  </ItemGroup>
  <ItemGroup>
    <ClInclude Include="stdafx.h">
      <Filter>头文件</Filter>
    </ClInclude>
    <ClInclude Include="targetver.h">
      <Filter>头文件</Filter>
    </ClInclude>
    <ClInclude Include="Resource.h">
      <Filter>头文件</Filter>
    </ClInclude>
    <ClInclude Include="src\FrameResource.h">
      <Filter>FrameResources</Filter>
    </ClInclude>
    <ClInclude Include="src\Waves.h">
      <Filter>FrameResources</Filter>
    </ClInclude>
    <ClInclude Include="src\LandWaves.h">
      <Filter>头文件</Filter>
    </ClInclude>
    <ClInclude Include="src\FrameResourceLaw.h">
      <Filter>FrameResources</Filter>
    </ClInclude>
    <ClInclude Include="src\FrameResourceLiw.h">
      <Filter>FrameResources</Filter>
    </ClInclude>
    <ClInclude Include="src\LitWaves.h">
      <Filter>头文件</Filter>
    </ClInclude>
    <ClInclude Include="src\Box.h">
      <Filter>头文件</Filter>
    </ClInclude>
    <ClInclude Include="src\AbookDemo.h">
      <Filter>头文件</Filter>
    </ClInclude>
    <ClInclude Include="src\FrameResourceShapes.h">
      <Filter>FrameResources</Filter>
    </ClInclude>
    <ClInclude Include="src\Shapes.h">
      <Filter>头文件</Filter>
    </ClInclude>
    <ClInclude Include="src\LitRadar.h">
      <Filter>头文件</Filter>
    </ClInclude>
    <ClInclude Include="FrameResourceLir.h">
      <Filter>FrameResources</Filter>
    </ClInclude>
  </ItemGroup>
  <ItemGroup>
    <ClCompile Include="stdafx.cpp">
      <Filter>源文件</Filter>
    </ClCompile>
    <ClCompile Include="src\FrameResource.cpp">
      <Filter>FrameResources</Filter>
    </ClCompile>
    <ClCompile Include="src\Waves.cpp">
      <Filter>FrameResources</Filter>
    </ClCompile>
    <ClCompile Include="src\LandWaves.cpp">
      <Filter>源文件</Filter>
    </ClCompile>
    <ClCompile Include="src\LitWaves.cpp">
      <Filter>源文件</Filter>
    </ClCompile>
    <ClCompile Include="src\Box.cpp">
      <Filter>源文件</Filter>
    </ClCompile>
    <ClCompile Include="src\AbookDemo.cpp">
      <Filter>源文件</Filter>
    </ClCompile>
    <ClCompile Include="src\Shapes.cpp">
      <Filter>源文件</Filter>
    </ClCompile>
    <ClCompile Include="src\LitRadar.cpp">
      <Filter>源文件</Filter>
    </ClCompile>
    <ClCompile Include="_MainBook12.cpp">
      <Filter>源文件</Filter>
    </ClCompile>
  </ItemGroup>
  <ItemGroup>
    <ResourceCompile Include="TDx12Book.rc">
      <Filter>资源文件</Filter>
    </ResourceCompile>
  </ItemGroup>
  <ItemGroup>
    <Image Include="small.ico">
      <Filter>资源文件</Filter>
    </Image>
    <Image Include="TDx12Book.ico">
      <Filter>资源文件</Filter>
    </Image>
  </ItemGroup>
  <ItemGroup>
    <CustomBuild Include="Assets\LightingUtil.hlsl">
      <Filter>Assets</Filter>
    </CustomBuild>
    <CustomBuild Include="Assets\LitWaves.hlsl">
      <Filter>Assets</Filter>
    </CustomBuild>
    <CustomBuild Include="Assets\LandAndWaves.hlsl">
      <Filter>Assets</Filter>
    </CustomBuild>
    <CustomBuild Include="Assets\Box.hlsl">
      <Filter>Assets</Filter>
    </CustomBuild>
    <CustomBuild Include="Assets\Shapes.hlsl">
      <Filter>Assets</Filter>
    </CustomBuild>
    <CustomBuild Include="Models\car.dat">
      <Filter>Models</Filter>
    </CustomBuild>
    <CustomBuild Include="Models\skull.dat">
      <Filter>Models</Filter>
    </CustomBuild>
    <CustomBuild Include="Assets\LitRadar.hlsl">
      <Filter>Assets</Filter>
    </CustomBuild>
    <CustomBuild Include="Assets\LitRadarUtil.hlsl">
      <Filter>Assets</Filter>
    </CustomBuild>
  </ItemGroup>
  <ItemGroup>
    <Text Include="Assets\_HLSLConfig.txt">
      <Filter>Assets</Filter>
    </Text>
    <Text Include="Readme.txt" />
  </ItemGroup>
</Project>